{
  "version": 4,
  "terraform_version": "1.3.5",
  "serial": 4,
  "lineage": "84c93b2e-5adc-4395-7b21-4a9c619c4e09",
  "outputs": {},
  "resources": [
    {
      "mode": "managed",
      "type": "azurerm_network_security_group",
      "name": "Tarun-NSG",
      "provider": "provider[\"registry.terraform.io/hashicorp/azurerm\"]",
      "instances": [
        {
          "schema_version": 0,
          "attributes": {
            "id": "/subscriptions/108d3ac6-0908-4ce2-9c56-97e9fc7745df/resourceGroups/Tarun-VN/providers/Microsoft.Network/networkSecurityGroups/Tarun-NSG",
            "location": "uksouth",
            "name": "Tarun-NSG",
            "resource_group_name": "Tarun-VN",
            "security_rule": [],
            "tags": null,
            "timeouts": null
          },
          "sensitive_attributes": [],
          "private": "eyJlMmJmYjczMC1lY2FhLTExZTYtOGY4OC0zNDM2M2JjN2M0YzAiOnsiY3JlYXRlIjoxODAwMDAwMDAwMDAwLCJkZWxldGUiOjE4MDAwMDAwMDAwMDAsInJlYWQiOjMwMDAwMDAwMDAwMCwidXBkYXRlIjoxODAwMDAwMDAwMDAwfX0=",
          "dependencies": [
            "azurerm_resource_group.Tarun-RG2-VN"
          ]
        }
      ]
    },
    {
      "mode": "managed",
      "type": "azurerm_resource_group",
      "name": "Tarun-RG2-VN",
      "provider": "provider[\"registry.terraform.io/hashicorp/azurerm\"]",
      "instances": [
        {
          "schema_version": 0,
          "attributes": {
            "id": "/subscriptions/108d3ac6-0908-4ce2-9c56-97e9fc7745df/resourceGroups/Tarun-VN",
            "location": "uksouth",
            "name": "Tarun-VN",
            "tags": null,
            "timeouts": null
          },
          "sensitive_attributes": [],
          "private": "eyJlMmJmYjczMC1lY2FhLTExZTYtOGY4OC0zNDM2M2JjN2M0YzAiOnsiY3JlYXRlIjo1NDAwMDAwMDAwMDAwLCJkZWxldGUiOjU0MDAwMDAwMDAwMDAsInJlYWQiOjMwMDAwMDAwMDAwMCwidXBkYXRlIjo1NDAwMDAwMDAwMDAwfX0="
        }
      ]
    },
    {
      "mode": "managed",
      "type": "azurerm_virtual_network",
      "name": "Tarun-VN",
      "provider": "provider[\"registry.terraform.io/hashicorp/azurerm\"]",
      "instances": [
        {
          "schema_version": 0,
          "attributes": {
            "address_space": [
              "10.0.0.0/16"
            ],
            "bgp_community": "",
            "ddos_protection_plan": [],
            "dns_servers": [
              "10.0.0.4",
              "10.0.0.5"
            ],
            "edge_zone": "",
            "flow_timeout_in_minutes": 0,
            "guid": "b90967d1-630e-4ce3-be61-b3d4e73981cb",
            "id": "/subscriptions/108d3ac6-0908-4ce2-9c56-97e9fc7745df/resourceGroups/Tarun-VN/providers/Microsoft.Network/virtualNetworks/Tarun-VN",
            "location": "uksouth",
            "name": "Tarun-VN",
            "resource_group_name": "Tarun-VN",
            "subnet": [
              {
                "address_prefix": "10.0.1.0/24",
                "id": "/subscriptions/108d3ac6-0908-4ce2-9c56-97e9fc7745df/resourceGroups/Tarun-VN/providers/Microsoft.Network/virtualNetworks/Tarun-VN/subnets/subnet1",
                "name": "subnet1",
                "security_group": ""
              },
              {
                "address_prefix": "10.0.2.0/24",
                "id": "/subscriptions/108d3ac6-0908-4ce2-9c56-97e9fc7745df/resourceGroups/Tarun-VN/providers/Microsoft.Network/virtualNetworks/Tarun-VN/subnets/subnet2",
                "name": "subnet2",
                "security_group": "/subscriptions/108d3ac6-0908-4ce2-9c56-97e9fc7745df/resourceGroups/Tarun-VN/providers/Microsoft.Network/networkSecurityGroups/Tarun-NSG"
              }
            ],
            "tags": {
              "environment": "Production"
            },
            "timeouts": null
          },
          "sensitive_attributes": [],
          "private": "eyJlMmJmYjczMC1lY2FhLTExZTYtOGY4OC0zNDM2M2JjN2M0YzAiOnsiY3JlYXRlIjoxODAwMDAwMDAwMDAwLCJkZWxldGUiOjE4MDAwMDAwMDAwMDAsInJlYWQiOjMwMDAwMDAwMDAwMCwidXBkYXRlIjoxODAwMDAwMDAwMDAwfX0=",
          "dependencies": [
            "azurerm_network_security_group.Tarun-NSG",
            "azurerm_resource_group.Tarun-RG2-VN"
          ]
        }
      ]
    }
  ],
  "check_results": null
}
